
Microsoft Visual Studio Solution File, Format Version 12.00
# Visual Studio 15
VisualStudioVersion = 15.0.28307.329
MinimumVisualStudioVersion = 10.0.40219.1
Project("{FAE04EC0-301F-11D3-BF4B-00C04F79EFBC}") = "AnEasyCat.dotNetLibrary", "AnEasyCat.dotNetLibrary\AnEasyCat.dotNetLibrary.csproj", "{1974919D-7C96-4112-97BB-563F814D692E}"
EndProject
Project("{FAE04EC0-301F-11D3-BF4B-00C04F79EFBC}") = "AnEasyCat.Email", "AnEasyCat.Email\AnEasyCat.Email.csproj", "{53D46CE4-088E-41B1-ADA4-79B599D6C949}"
EndProject
Project("{FAE04EC0-301F-11D3-BF4B-00C04F79EFBC}") = "AnEasyCat.Office", "AnEasyCat.Office\AnEasyCat.Office.csproj", "{6EC9B530-7483-451B-9A22-C64751F5D049}"
EndProject
Global
	GlobalSection(SolutionConfigurationPlatforms) = preSolution
		Debug|Any CPU = Debug|Any CPU
		Release|Any CPU = Release|Any CPU
	EndGlobalSection
	GlobalSection(ProjectConfigurationPlatforms) = postSolution
		{1974919D-7C96-4112-97BB-563F814D692E}.Debug|Any CPU.ActiveCfg = Debug|Any CPU
		{1974919D-7C96-4112-97BB-563F814D692E}.Debug|Any CPU.Build.0 = Debug|Any CPU
		{1974919D-7C96-4112-97BB-563F814D692E}.Release|Any CPU.ActiveCfg = Release|Any CPU
		{1974919D-7C96-4112-97BB-563F814D692E}.Release|Any CPU.Build.0 = Release|Any CPU
		{53D46CE4-088E-41B1-ADA4-79B599D6C949}.Debug|Any CPU.ActiveCfg = Debug|Any CPU
		{53D46CE4-088E-41B1-ADA4-79B599D6C949}.Debug|Any CPU.Build.0 = Debug|Any CPU
		{53D46CE4-088E-41B1-ADA4-79B599D6C949}.Release|Any CPU.ActiveCfg = Release|Any CPU
		{53D46CE4-088E-41B1-ADA4-79B599D6C949}.Release|Any CPU.Build.0 = Release|Any CPU
		{6EC9B530-7483-451B-9A22-C64751F5D049}.Debug|Any CPU.ActiveCfg = Debug|Any CPU
		{6EC9B530-7483-451B-9A22-C64751F5D049}.Debug|Any CPU.Build.0 = Debug|Any CPU
		{6EC9B530-7483-451B-9A22-C64751F5D049}.Release|Any CPU.ActiveCfg = Release|Any CPU
		{6EC9B530-7483-451B-9A22-C64751F5D049}.Release|Any CPU.Build.0 = Release|Any CPU
	EndGlobalSection
	GlobalSection(SolutionProperties) = preSolution
		HideSolutionNode = FALSE
	EndGlobalSection
	GlobalSection(ExtensibilityGlobals) = postSolution
		SolutionGuid = {773ACE49-C7D8-4FC0-9FE7-DD87D86F83B8}
	EndGlobalSection
EndGlobal
